
Microsoft Visual Studio Solution File, Format Version 12.00
# Visual Studio Version 17
VisualStudioVersion = 17.9.34728.123
MinimumVisualStudioVersion = 10.0.40219.1
Project("{FAE04EC0-301F-11D3-BF4B-00C04F79EFBC}") = "Xacosta.AdminPermissions.WebApi", "Xacosta.AdminPermissions.WebApi\Xacosta.AdminPermissions.WebApi.csproj", "{F53326F8-EE2C-4632-9C11-492BF4CEFB40}"
EndProject
Global
	GlobalSection(SolutionConfigurationPlatforms) = preSolution
		Debug|Any CPU = Debug|Any CPU
		Release|Any CPU = Release|Any CPU
	EndGlobalSection
	GlobalSection(ProjectConfigurationPlatforms) = postSolution
		{F53326F8-EE2C-4632-9C11-492BF4CEFB40}.Debug|Any CPU.ActiveCfg = Debug|Any CPU
		{F53326F8-EE2C-4632-9C11-492BF4CEFB40}.Debug|Any CPU.Build.0 = Debug|Any CPU
		{F53326F8-EE2C-4632-9C11-492BF4CEFB40}.Release|Any CPU.ActiveCfg = Release|Any CPU
		{F53326F8-EE2C-4632-9C11-492BF4CEFB40}.Release|Any CPU.Build.0 = Release|Any CPU
	EndGlobalSection
	GlobalSection(SolutionProperties) = preSolution
		HideSolutionNode = FALSE
	EndGlobalSection
	GlobalSection(ExtensibilityGlobals) = postSolution
		SolutionGuid = {E6A19DF0-C789-4312-BAA5-D0251FFE0438}
	EndGlobalSection
EndGlobal
